PODS:
  - connectivity (0.0.1)
  - connectivity_macos (0.0.1):
    - FlutterMacOS
    - Reachability
  - Firebase/Core (6.23.0):
    - Firebase/CoreOnly
    - FirebaseAnalytics (= 6.4.2)
  - Firebase/CoreOnly (6.23.0):
    - FirebaseCore (= 6.6.7)
  - Firebase/Storage (6.23.0):
    - Firebase/CoreOnly
    - FirebaseStorage (~> 3.6.1)
  - firebase_core (0.0.1):
    - Firebase/Core
    - FlutterMacOS
  - firebase_storage (0.0.1):
    - Firebase/Storage
    - FlutterMacOS
  - FirebaseAuthInterop (1.1.0)
  - FirebaseCore (6.6.7):
    - FirebaseCoreDiagnostics (~> 1.2)
    - FirebaseCoreDiagnosticsInterop (~> 1.2)
    - GoogleUtilities/Environment (~> 6.5)
    - GoogleUtilities/Logger (~> 6.5)
  - FirebaseCoreDiagnostics (1.2.4):
    - FirebaseCoreDiagnosticsInterop (~> 1.2)
    - GoogleDataTransportCCTSupport (~> 3.0)
    - GoogleUtilities/Environment (~> 6.5)
    - GoogleUtilities/Logger (~> 6.5)
    - nanopb (~> 0.3.901)
  - FirebaseCoreDiagnosticsInterop (1.2.0)
  - FirebaseStorage (3.6.1):
    - FirebaseAuthInterop (~> 1.1)
    - FirebaseCore (~> 6.6)
    - GTMSessionFetcher/Core (~> 1.1)
  - FlutterMacOS (1.0.0)
  - FMDB (2.7.5):
    - FMDB/standard (= 2.7.5)
  - FMDB/standard (2.7.5)
  - GoogleDataTransport (6.0.0)
  - GoogleDataTransportCCTSupport (3.0.0):
    - GoogleDataTransport (~> 6.0)
    - nanopb (~> 0.3.901)
  - GoogleUtilities/Environment (6.6.0):
    - PromisesObjC (~> 1.2)
  - GoogleUtilities/Logger (6.6.0):
    - GoogleUtilities/Environment
  - GTMSessionFetcher/Core (1.3.1)
  - nanopb (0.3.9011):
    - nanopb/decode (= 0.3.9011)
    - nanopb/encode (= 0.3.9011)
  - nanopb/decode (0.3.9011)
  - nanopb/encode (0.3.9011)
  - path_provider (0.0.1)
  - path_provider_macos (0.0.1):
    - FlutterMacOS
  - PromisesObjC (1.2.8)
  - Reachability (3.2)
  - shared_preferences (0.0.1)
  - shared_preferences_macos (0.0.1):
    - FlutterMacOS
  - sqflite (0.0.1):
    - FlutterMacOS
    - FMDB (~> 2.7.2)

DEPENDENCIES:
  - connectivity (from `Flutter/ephemeral/.symlinks/plugins/connectivity/macos`)
  - connectivity_macos (from `Flutter/ephemeral/.symlinks/plugins/connectivity_macos/macos`)
  - firebase_core (from `Flutter/ephemeral/.symlinks/plugins/firebase_core/macos`)
  - firebase_storage (from `Flutter/ephemeral/.symlinks/plugins/firebase_storage/macos`)
  - FlutterMacOS (from `Flutter/ephemeral/.symlinks/flutter/darwin-x64`)
  - path_provider (from `Flutter/ephemeral/.symlinks/plugins/path_provider/macos`)
  - path_provider_macos (from `Flutter/ephemeral/.symlinks/plugins/path_provider_macos/macos`)
  - shared_preferences (from `Flutter/ephemeral/.symlinks/plugins/shared_preferences/macos`)
  - shared_preferences_macos (from `Flutter/ephemeral/.symlinks/plugins/shared_preferences_macos/macos`)
  - sqflite (from `Flutter/ephemeral/.symlinks/plugins/sqflite/macos`)

SPEC REPOS:
  trunk:
    - Firebase
    - FirebaseAuthInterop
    - FirebaseCore
    - FirebaseCoreDiagnostics
    - FirebaseCoreDiagnosticsInterop
    - FirebaseStorage
    - FMDB
    - GoogleDataTransport
    - GoogleDataTransportCCTSupport
    - GoogleUtilities
    - GTMSessionFetcher
    - nanopb
    - PromisesObjC
    - Reachability

EXTERNAL SOURCES:
  connectivity:
    :path: Flutter/ephemeral/.symlinks/plugins/connectivity/macos
  connectivity_macos:
    :path: Flutter/ephemeral/.symlinks/plugins/connectivity_macos/macos
  firebase_core:
    :path: Flutter/ephemeral/.symlinks/plugins/firebase_core/macos
  firebase_storage:
    :path: Flutter/ephemeral/.symlinks/plugins/firebase_storage/macos
  FlutterMacOS:
    :path: Flutter/ephemeral/.symlinks/flutter/darwin-x64
  path_provider:
    :path: Flutter/ephemeral/.symlinks/plugins/path_provider/macos
  path_provider_macos:
    :path: Flutter/ephemeral/.symlinks/plugins/path_provider_macos/macos
  shared_preferences:
    :path: Flutter/ephemeral/.symlinks/plugins/shared_preferences/macos
  shared_preferences_macos:
    :path: Flutter/ephemeral/.symlinks/plugins/shared_preferences_macos/macos
  sqflite:
    :path: Flutter/ephemeral/.symlinks/plugins/sqflite/macos

SPEC CHECKSUMS:
  connectivity: 5da134a8c10a7b6f334a17217fe4d0cfc4fb1c64
  connectivity_macos: 9f30e9d0e67a0bc08a0c563ee82310b51ca6e818
  Firebase: 585ae467b3edda6a5444e788fda6888f024d8d6f
  firebase_core: b77314bf4bfacf4fb7253ce9bcdd39eb1cff9348
  firebase_storage: 058761f575387fb25d443f1c1e8ed662af7dbf0a
  FirebaseAuthInterop: a0f37ae05833af156e72028f648d313f7e7592e9
  FirebaseCore: a2788a0d5f6c1dff17b8f79b4a73654a8d4bfdbd
  FirebaseCoreDiagnostics: b59c024493a409f8aecba02c99928d0d8431d159
  FirebaseCoreDiagnosticsInterop: 296e2c5f5314500a850ad0b83e9e7c10b011a850
  FirebaseStorage: f4f39ae834a7145963b913f54e2f24a9db1d8fac
  FlutterMacOS: 15bea8a44d2fa024068daa0140371c020b4b6ff9
  FMDB: 2ce00b547f966261cd18927a3ddb07cb6f3db82a
  GoogleDataTransport: 061fe7d9b476710e3cd8ea51e8e07d8b67c2b420
  GoogleDataTransportCCTSupport: 0f39025e8cf51f168711bd3fb773938d7e62ddb5
  GoogleUtilities: 39530bc0ad980530298e9c4af8549e991fd033b1
  GTMSessionFetcher: cea130bbfe5a7edc8d06d3f0d17288c32ffe9925
  nanopb: 18003b5e52dab79db540fe93fe9579f399bd1ccd
  path_provider: e0848572d1d38b9a7dd099e79cf83f5b7e2cde9f
  path_provider_macos: a0a3fd666cb7cd0448e936fb4abad4052961002b
  PromisesObjC: c119f3cd559f50b7ae681fa59dc1acd19173b7e6
  Reachability: 33e18b67625424e47b6cde6d202dce689ad7af96
  shared_preferences: 9fec34d1bd906196a4da48fcf6c3ad521cc00b8d
  shared_preferences_macos: 480ce071d0666e37cef23fe6c702293a3d21799e
  sqflite: 6c1f07e1d4399d619ea619fea9171251dd24d058

PODFILE CHECKSUM: d8ba9b3e9e93c62c74a660b46c6fcb09f03991a7

COCOAPODS: 1.9.1
